
Microsoft Visual Studio Solution File, Format Version 12.00
# Visual Studio Version 17
VisualStudioVersion = 17.4.33213.308
MinimumVisualStudioVersion = 10.0.40219.1
Project("{FAE04EC0-301F-11D3-BF4B-00C04F79EFBC}") = "ProductCrudNimapInfoteck", "ProductCrudNimapInfoteck\ProductCrudNimapInfoteck.csproj", "{380D7DC1-1CAD-4352-BF54-11DAC403BFCC}"
EndProject
Global
	GlobalSection(SolutionConfigurationPlatforms) = preSolution
		Debug|Any CPU = Debug|Any CPU
		Release|Any CPU = Release|Any CPU
	EndGlobalSection
	GlobalSection(ProjectConfigurationPlatforms) = postSolution
		{380D7DC1-1CAD-4352-BF54-11DAC403BFCC}.Debug|Any CPU.ActiveCfg = Debug|Any CPU
		{380D7DC1-1CAD-4352-BF54-11DAC403BFCC}.Debug|Any CPU.Build.0 = Debug|Any CPU
		{380D7DC1-1CAD-4352-BF54-11DAC403BFCC}.Release|Any CPU.ActiveCfg = Release|Any CPU
		{380D7DC1-1CAD-4352-BF54-11DAC403BFCC}.Release|Any CPU.Build.0 = Release|Any CPU
	EndGlobalSection
	GlobalSection(SolutionProperties) = preSolution
		HideSolutionNode = FALSE
	EndGlobalSection
	GlobalSection(ExtensibilityGlobals) = postSolution
		SolutionGuid = {4B4F312B-346D-40B5-A1FD-2FE005692477}
	EndGlobalSection
EndGlobal
